lockfileVersion: '9.0'

settings:
  autoInstallPeers: true
  excludeLinksFromLockfile: false

importers:

  .:
    dependencies:
      react-icons:
        specifier: 4.10.1
        version: 4.10.1(react@19.2.0)
      react-pdf:
        specifier: ^10.2.0
        version: 10.2.0(react-dom@19.2.0(react@19.2.0))(react@19.2.0)

packages:

  '@napi-rs/canvas-android-arm64@0.1.82':
    resolution: {integrity: sha512-bvZhN0iI54ouaQOrgJV96H2q7J3ZoufnHf4E1fUaERwW29Rz4rgicohnAg4venwBJZYjGl5Yl3CGmlAl1LZowQ==}
    engines: {node: '>= 10'}
    cpu: [arm64]
    os: [android]

  '@napi-rs/canvas-darwin-arm64@0.1.82':
    resolution: {integrity: sha512-InuBHKCyuFqhNwNr4gpqazo5Xp6ltKflqOLiROn4hqAS8u21xAHyYCJRgHwd+a5NKmutFTaRWeUIT/vxWbU/iw==}
    engines: {node: '>= 10'}
    cpu: [arm64]
    os: [darwin]

  '@napi-rs/canvas-darwin-x64@0.1.82':
    resolution: {integrity: sha512-aQGV5Ynn96onSXcuvYb2y7TRXD/t4CL2EGmnGqvLyeJX1JLSNisKQlWN/1bPDDXymZYSdUqbXehj5qzBlOx+RQ==}
    engines: {node: '>= 10'}
    cpu: [x64]
    os: [darwin]

  '@napi-rs/canvas-linux-arm-gnueabihf@0.1.82':
    resolution: {integrity: sha512-YIUpmHWeHGGRhWitT1KJkgj/JPXPfc9ox8oUoyaGPxolLGPp5AxJkq8wIg8CdFGtutget968dtwmx71m8o3h5g==}
    engines: {node: '>= 10'}
    cpu: [arm]
    os: [linux]

  '@napi-rs/canvas-linux-arm64-gnu@0.1.82':
    resolution: {integrity: sha512-AwLzwLBgmvk7kWeUgItOUor/QyG31xqtD26w1tLpf4yE0hiXTGp23yc669aawjB6FzgIkjh1NKaNS52B7/qEBQ==}
    engines: {node: '>= 10'}
    cpu: [arm64]
    os: [linux]

  '@napi-rs/canvas-linux-arm64-musl@0.1.82':
    resolution: {integrity: sha512-moZWuqepAwWBffdF4JDadt8TgBD02iMhG6I1FHZf8xO20AsIp9rB+p0B8Zma2h2vAF/YMjeFCDmW5un6+zZz9g==}
    engines: {node: '>= 10'}
    cpu: [arm64]
    os: [linux]

  '@napi-rs/canvas-linux-riscv64-gnu@0.1.82':
    resolution: {integrity: sha512-w9++2df2kG9eC9LWYIHIlMLuhIrKGQYfUxs97CwgxYjITeFakIRazI9LYWgVzEc98QZ9x9GQvlicFsrROV59MQ==}
    engines: {node: '>= 10'}
    cpu: [riscv64]
    os: [linux]

  '@napi-rs/canvas-linux-x64-gnu@0.1.82':
    resolution: {integrity: sha512-lZulOPwrRi6hEg/17CaqdwWEUfOlIJuhXxincx1aVzsVOCmyHf+xFq4i6liJl1P+x2v6Iz2Z/H5zHvXJCC7Bwg==}
    engines: {node: '>= 10'}
    cpu: [x64]
    os: [linux]

  '@napi-rs/canvas-linux-x64-musl@0.1.82':
    resolution: {integrity: sha512-Be9Wf5RTv1w6GXlTph55K3PH3vsAh1Ax4T1FQY1UYM0QfD0yrwGdnJ8/fhqw7dEgMjd59zIbjJQC8C3msbGn5g==}
    engines: {node: '>= 10'}
    cpu: [x64]
    os: [linux]

  '@napi-rs/canvas-win32-x64-msvc@0.1.82':
    resolution: {integrity: sha512-LN/i8VrvxTDmEEK1c10z2cdOTkWT76LlTGtyZe5Kr1sqoSomKeExAjbilnu1+oee5lZUgS5yfZ2LNlVhCeARuw==}
    engines: {node: '>= 10'}
    cpu: [x64]
    os: [win32]

  '@napi-rs/canvas@0.1.82':
    resolution: {integrity: sha512-FGjyUBoF0sl1EenSiE4UV2WYu76q6F9GSYedq5EiOCOyGYoQ/Owulcv6rd7v/tWOpljDDtefXXIaOCJrVKem4w==}
    engines: {node: '>= 10'}

  clsx@2.1.1:
    resolution: {integrity: sha512-eYm0QWBtUrBWZWG0d386OGAw16Z995PiOVo2B7bjWSbHedGl5e0ZWaq65kOGgUSNesEIDkB9ISbTg/JK9dhCZA==}
    engines: {node: '>=6'}

  dequal@2.0.3:
    resolution: {integrity: sha512-0je+qPKHEMohvfRTCEo3CrPG6cAzAYgmzKyxRiYSSDkS6eGJdyVJm7WaYA5ECaAD9wLB2T4EEeymA5aFVcYXCA==}
    engines: {node: '>=6'}

  js-tokens@4.0.0:
    resolution: {integrity: sha512-RdJUflcE3cUzKiMqQgsCu06FPu9UdIJO0beYbPhHN4k6apgJtifcoCtT9bcxOpYBtpD2kCM6Sbzg4CausW/PKQ==}

  loose-envify@1.4.0:
    resolution: {integrity: sha512-lyuxPGr/Wfhrlem2CL/UcnUc1zcqKAImBDzukY7Y5F/yQiNdko6+fRLevlw1HgMySw7f611UIY408EtxRSoK3Q==}
    hasBin: true

  make-cancellable-promise@2.0.0:
    resolution: {integrity: sha512-3SEQqTpV9oqVsIWqAcmDuaNeo7yBO3tqPtqGRcKkEo0lrzD3wqbKG9mkxO65KoOgXqj+zH2phJ2LiAsdzlogSw==}

  make-event-props@2.0.0:
    resolution: {integrity: sha512-G/hncXrl4Qt7mauJEXSg3AcdYzmpkIITTNl5I+rH9sog5Yw0kK6vseJjCaPfOXqOqQuPUP89Rkhfz5kPS8ijtw==}

  merge-refs@2.0.0:
    resolution: {integrity: sha512-3+B21mYK2IqUWnd2EivABLT7ueDhb0b8/dGK8LoFQPrU61YITeCMn14F7y7qZafWNZhUEKb24cJdiT5Wxs3prg==}
    peerDependencies:
      '@types/react': ^16.8.0 || ^17.0.0 || ^18.0.0 || ^19.0.0
    peerDependenciesMeta:
      '@types/react':
        optional: true

  pdfjs-dist@5.4.296:
    resolution: {integrity: sha512-DlOzet0HO7OEnmUmB6wWGJrrdvbyJKftI1bhMitK7O2N8W2gc757yyYBbINy9IDafXAV9wmKr9t7xsTaNKRG5Q==}
    engines: {node: '>=20.16.0 || >=22.3.0'}

  react-dom@19.2.0:
    resolution: {integrity: sha512-UlbRu4cAiGaIewkPyiRGJk0imDN2T3JjieT6spoL2UeSf5od4n5LB/mQ4ejmxhCFT1tYe8IvaFulzynWovsEFQ==}
    peerDependencies:
      react: ^19.2.0

  react-icons@4.10.1:
    resolution: {integrity: sha512-/ngzDP/77tlCfqthiiGNZeYFACw85fUjZtLbedmJ5DTlNDIwETxhwBzdOJ21zj4iJdvc0J3y7yOsX3PpxAJzrw==}
    peerDependencies:
      react: '*'

  react-pdf@10.2.0:
    resolution: {integrity: sha512-zk0DIL31oCh8cuQycM0SJKfwh4Onz0/Nwi6wTOjgtEjWGUY6eM+/vuzvOP3j70qtEULn7m1JtaeGzud1w5fY2Q==}
    peerDependencies:
      '@types/react': ^16.8.0 || ^17.0.0 || ^18.0.0 || ^19.0.0
      react: ^16.8.0 || ^17.0.0 || ^18.0.0 || ^19.0.0
      react-dom: ^16.8.0 || ^17.0.0 || ^18.0.0 || ^19.0.0
    peerDependenciesMeta:
      '@types/react':
        optional: true

  react@19.2.0:
    resolution: {integrity: sha512-tmbWg6W31tQLeB5cdIBOicJDJRR2KzXsV7uSK9iNfLWQ5bIZfxuPEHp7M8wiHyHnn0DD1i7w3Zmin0FtkrwoCQ==}
    engines: {node: '>=0.10.0'}

  scheduler@0.27.0:
    resolution: {integrity: sha512-eNv+WrVbKu1f3vbYJT/xtiF5syA5HPIMtf9IgY/nKg0sWqzAUEvqY/xm7OcZc/qafLx/iO9FgOmeSAp4v5ti/Q==}

  tiny-invariant@1.3.3:
    resolution: {integrity: sha512-+FbBPE1o9QAYvviau/qC5SE3caw21q3xkvWKBtja5vgqOWIHHJ3ioaq1VPfn/Szqctz2bU/oYeKd9/z5BL+PVg==}

  warning@4.0.3:
    resolution: {integrity: sha512-rpJyN222KWIvHJ/F53XSZv0Zl/accqHR8et1kpaMTD/fLCRxtV8iX8czMzY7sVZupTI3zcUTg8eycS2kNF9l6w==}

snapshots:

  '@napi-rs/canvas-android-arm64@0.1.82':
    optional: true

  '@napi-rs/canvas-darwin-arm64@0.1.82':
    optional: true

  '@napi-rs/canvas-darwin-x64@0.1.82':
    optional: true

  '@napi-rs/canvas-linux-arm-gnueabihf@0.1.82':
    optional: true

  '@napi-rs/canvas-linux-arm64-gnu@0.1.82':
    optional: true

  '@napi-rs/canvas-linux-arm64-musl@0.1.82':
    optional: true

  '@napi-rs/canvas-linux-riscv64-gnu@0.1.82':
    optional: true

  '@napi-rs/canvas-linux-x64-gnu@0.1.82':
    optional: true

  '@napi-rs/canvas-linux-x64-musl@0.1.82':
    optional: true

  '@napi-rs/canvas-win32-x64-msvc@0.1.82':
    optional: true

  '@napi-rs/canvas@0.1.82':
    optionalDependencies:
      '@napi-rs/canvas-android-arm64': 0.1.82
      '@napi-rs/canvas-darwin-arm64': 0.1.82
      '@napi-rs/canvas-darwin-x64': 0.1.82
      '@napi-rs/canvas-linux-arm-gnueabihf': 0.1.82
      '@napi-rs/canvas-linux-arm64-gnu': 0.1.82
      '@napi-rs/canvas-linux-arm64-musl': 0.1.82
      '@napi-rs/canvas-linux-riscv64-gnu': 0.1.82
      '@napi-rs/canvas-linux-x64-gnu': 0.1.82
      '@napi-rs/canvas-linux-x64-musl': 0.1.82
      '@napi-rs/canvas-win32-x64-msvc': 0.1.82
    optional: true

  clsx@2.1.1: {}

  dequal@2.0.3: {}

  js-tokens@4.0.0: {}

  loose-envify@1.4.0:
    dependencies:
      js-tokens: 4.0.0

  make-cancellable-promise@2.0.0: {}

  make-event-props@2.0.0: {}

  merge-refs@2.0.0: {}

  pdfjs-dist@5.4.296:
    optionalDependencies:
      '@napi-rs/canvas': 0.1.82

  react-dom@19.2.0(react@19.2.0):
    dependencies:
      react: 19.2.0
      scheduler: 0.27.0

  react-icons@4.10.1(react@19.2.0):
    dependencies:
      react: 19.2.0

  react-pdf@10.2.0(react-dom@19.2.0(react@19.2.0))(react@19.2.0):
    dependencies:
      clsx: 2.1.1
      dequal: 2.0.3
      make-cancellable-promise: 2.0.0
      make-event-props: 2.0.0
      merge-refs: 2.0.0
      pdfjs-dist: 5.4.296
      react: 19.2.0
      react-dom: 19.2.0(react@19.2.0)
      tiny-invariant: 1.3.3
      warning: 4.0.3

  react@19.2.0: {}

  scheduler@0.27.0: {}

  tiny-invariant@1.3.3: {}

  warning@4.0.3:
    dependencies:
      loose-envify: 1.4.0
